// !$*UTF8*$!
{
	archiveVersion = 1;
	classes = {
	};
	objectVersion = 50;
	objects = {

/* Begin PBXBuildFile section */
		1252E99521C05DBC006A6983 /* AppDelegate.swift in Sources */ = {isa = PBXBuildFile; fileRef = 1252E99421C05DBC006A6983 /* AppDelegate.swift */; };
		1252E99721C05DBC006A6983 /* ViewController.swift in Sources */ = {isa = PBXBuildFile; fileRef = 1252E99621C05DBC006A6983 /* ViewController.swift */; };
		1252E99A21C05DBC006A6983 /* Main.storyboard in Resources */ = {isa = PBXBuildFile; fileRef = 1252E99821C05DBC006A6983 /* Main.storyboard */; };
		1252E99C21C05DBC006A6983 /* Assets.xcassets in Resources */ = {isa = PBXBuildFile; fileRef = 1252E99B21C05DBC006A6983 /* Assets.xcassets */; };
		1252E99F21C05DBC006A6983 /* LaunchScreen.storyboard in Resources */ = {isa = PBXBuildFile; fileRef = 1252E99D21C05DBC006A6983 /* LaunchScreen.storyboard */; };
		1252E9AA21C05DBC006A6983 /* TestTableAnimationTests.swift in Sources */ = {isa = PBXBuildFile; fileRef = 1252E9A921C05DBC006A6983 /* TestTableAnimationTests.swift */; };
		1252E9B521C05DBC006A6983 /* TestTableAnimationUITests.swift in Sources */ = {isa = PBXBuildFile; fileRef = 1252E9B421C05DBC006A6983 /* TestTableAnimationUITests.swift */; };
/* End PBXBuildFile section */

/* Begin PBXContainerItemProxy section */
		1252E9A621C05DBC006A6983 /* PBXContainerItemProxy */ = {
			isa = PBXContainerItemProxy;
			containerPortal = 1252E98921C05DBB006A6983 /* Project object */;
			proxyType = 1;
			remoteGlobalIDString = 1252E99021C05DBB006A6983;
			remoteInfo = TestTableAnimation;
		};
		1252E9B121C05DBC006A6983 /* PBXContainerItemProxy */ = {
			isa = PBXContainerItemProxy;
			containerPortal = 1252E98921C05DBB006A6983 /* Project object */;
			proxyType = 1;
			remoteGlobalIDString = 1252E99021C05DBB006A6983;
			remoteInfo = TestTableAnimation;
		};
/* End PBXContainerItemProxy section */

/* Begin PBXFileReference section */
		1252E99121C05DBC006A6983 /* TestTableAnimation.app */ = {isa = PBXFileReference; explicitFileType = wrapper.application; includeInIndex = 0; path = TestTableAnimation.app; sourceTree = BUILT_PRODUCTS_DIR; };
		1252E99421C05DBC006A6983 /* AppDelegate.swift */ = {isa = PBXFileReference; lastKnownFileType = sourcecode.swift; path = AppDelegate.swift; sourceTree = "<group>"; };
		1252E99621C05DBC006A6983 /* ViewController.swift */ = {isa = PBXFileReference; lastKnownFileType = sourcecode.swift; path = ViewController.swift; sourceTree = "<group>"; };
		1252E99921C05DBC006A6983 /* Base */ = {isa = PBXFileReference; lastKnownFileType = file.storyboard; name = Base; path = Base.lproj/Main.storyboard; sourceTree = "<group>"; };
		1252E99B21C05DBC006A6983 /* Assets.xcassets */ = {isa = PBXFileReference; lastKnownFileType = folder.assetcatalog; path = Assets.xcassets; sourceTree = "<group>"; };
		1252E99E21C05DBC006A6983 /* Base */ = {isa = PBXFileReference; lastKnownFileType = file.storyboard; name = Base; path = Base.lproj/LaunchScreen.storyboard; sourceTree = "<group>"; };
		1252E9A021C05DBC006A6983 /* Info.plist */ = {isa = PBXFileReference; lastKnownFileType = text.plist.xml; path = Info.plist; sourceTree = "<group>"; };
		1252E9A521C05DBC006A6983 /* TestTableAnimationTests.xctest */ = {isa = PBXFileReference; explicitFileType = wrapper.cfbundle; includeInIndex = 0; path = TestTableAnimationTests.xctest; sourceTree = BUILT_PRODUCTS_DIR; };
		1252E9A921C05DBC006A6983 /* TestTableAnimationTests.swift */ = {isa = PBXFileReference; lastKnownFileType = sourcecode.swift; path = TestTableAnimationTests.swift; sourceTree = "<group>"; };
		1252E9AB21C05DBC006A6983 /* Info.plist */ = {isa = PBXFileReference; lastKnownFileType = text.plist.xml; path = Info.plist; sourceTree = "<group>"; };
		1252E9B021C05DBC006A6983 /* TestTableAnimationUITests.xctest */ = {isa = PBXFileReference; explicitFileType = wrapper.cfbundle; includeInIndex = 0; path = TestTableAnimationUITests.xctest; sourceTree = BUILT_PRODUCTS_DIR; };
		1252E9B421C05DBC006A6983 /* TestTableAnimationUITests.swift */ = {isa = PBXFileReference; lastKnownFileType = sourcecode.swift; path = TestTableAnimationUITests.swift; sourceTree = "<group>"; };
		1252E9B621C05DBC006A6983 /* Info.plist */ = {isa = PBXFileReference; lastKnownFileType = text.plist.xml; path = Info.plist; sourceTree = "<group>"; };
/* End PBXFileReference section */

/* Begin PBXFrameworksBuildPhase section */
		1252E98E21C05DBB006A6983 /* Frameworks */ = {
			isa = PBXFrameworksBuildPhase;
			buildActionMask = 2147483647;
			files = (
			);
			runOnlyForDeploymentPostprocessing = 0;
		};
		1252E9A221C05DBC006A6983 /* Frameworks */ = {
			isa = PBXFrameworksBuildPhase;
			buildActionMask = 2147483647;
			files = (
			);
			runOnlyForDeploymentPostprocessing = 0;
		};
		1252E9AD21C05DBC006A6983 /* Frameworks */ = {
			isa = PBXFrameworksBuildPhase;
			buildActionMask = 2147483647;
			files = (
			);
			runOnlyForDeploymentPostprocessing = 0;
		};
/* End PBXFrameworksBuildPhase section */

/* Begin PBXGroup section */
		1252E98821C05DBB006A6983 = {
			isa = PBXGroup;
			children = (
				1252E99321C05DBC006A6983 /* TestTableAnimation */,
				1252E9A821C05DBC006A6983 /* TestTableAnimationTests */,
				1252E9B321C05DBC006A6983 /* TestTableAnimationUITests */,
				1252E99221C05DBC006A6983 /* Products */,
			);
			sourceTree = "<group>";
		};
		1252E99221C05DBC006A6983 /* Products */ = {
			isa = PBXGroup;
			children = (
				1252E99121C05DBC006A6983 /* TestTableAnimation.app */,
				1252E9A521C05DBC006A6983 /* TestTableAnimationTests.xctest */,
				1252E9B021C05DBC006A6983 /* TestTableAnimationUITests.xctest */,
			);
			name = Products;
			sourceTree = "<group>";
		};
		1252E99321C05DBC006A6983 /* TestTableAnimation */ = {
			isa = PBXGroup;
			children = (
				1252E99421C05DBC006A6983 /* AppDelegate.swift */,
				1252E99621C05DBC006A6983 /* ViewController.swift */,
				1252E99821C05DBC006A6983 /* Main.storyboard */,
				1252E99B21C05DBC006A6983 /* Assets.xcassets */,
				1252E99D21C05DBC006A6983 /* LaunchScreen.storyboard */,
				1252E9A021C05DBC006A6983 /* Info.plist */,
			);
			path = TestTableAnimation;
			sourceTree = "<group>";
		};
		1252E9A821C05DBC006A6983 /* TestTableAnimationTests */ = {
			isa = PBXGroup;
			children = (
				1252E9A921C05DBC006A6983 /* TestTableAnimationTests.swift */,
				1252E9AB21C05DBC006A6983 /* Info.plist */,
			);
			path = TestTableAnimationTests;
			sourceTree = "<group>";
		};
		1252E9B321C05DBC006A6983 /* TestTableAnimationUITests */ = {
			isa = PBXGroup;
			children = (
				1252E9B421C05DBC006A6983 /* TestTableAnimationUITests.swift */,
				1252E9B621C05DBC006A6983 /* Info.plist */,
			);
			path = TestTableAnimationUITests;
			sourceTree = "<group>";
		};
/* End PBXGroup section */

/* Begin PBXNativeTarget section */
		1252E99021C05DBB006A6983 /* TestTableAnimation */ = {
			isa = PBXNativeTarget;
			buildConfigurationList = 1252E9B921C05DBD006A6983 /* Build configuration list for PBXNativeTarget "TestTableAnimation" */;
			buildPhases = (
				1252E98D21C05DBB006A6983 /* Sources */,
				1252E98E21C05DBB006A6983 /* Frameworks */,
				1252E98F21C05DBB006A6983 /* Resources */,
			);
			buildRules = (
			);
			dependencies = (
			);
			name = TestTableAnimation;
			productName = TestTableAnimation;
			productReference = 1252E99121C05DBC006A6983 /* TestTableAnimation.app */;
			productType = "com.apple.product-type.application";
		};
		1252E9A421C05DBC006A6983 /* TestTableAnimationTests */ = {
			isa = PBXNativeTarget;
			buildConfigurationList = 1252E9BC21C05DBD006A6983 /* Build configuration list for PBXNativeTarget "TestTableAnimationTests" */;
			buildPhases = (
				1252E9A121C05DBC006A6983 /* Sources */,
				1252E9A221C05DBC006A6983 /* Frameworks */,
				1252E9A321C05DBC006A6983 /* Resources */,
			);
			buildRules = (
			);
			dependencies = (
				1252E9A721C05DBC006A6983 /* PBXTargetDependency */,
			);
			name = TestTableAnimationTests;
			productName = TestTableAnimationTests;
			productReference = 1252E9A521C05DBC006A6983 /* TestTableAnimationTests.xctest */;
			productType = "com.apple.product-type.bundle.unit-test";
		};
		1252E9AF21C05DBC006A6983 /* TestTableAnimationUITests */ = {
			isa = PBXNativeTarget;
			buildConfigurationList = 1252E9BF21C05DBD006A6983 /* Build configuration list for PBXNativeTarget "TestTableAnimationUITests" */;
			buildPhases = (
				1252E9AC21C05DBC006A6983 /* Sources */,
				1252E9AD21C05DBC006A6983 /* Frameworks */,
				1252E9AE21C05DBC006A6983 /* Resources */,
			);
			buildRules = (
			);
			dependencies = (
				1252E9B221C05DBC006A6983 /* PBXTargetDependency */,
			);
			name = TestTableAnimationUITests;
			productName = TestTableAnimationUITests;
			productReference = 1252E9B021C05DBC006A6983 /* TestTableAnimationUITests.xctest */;
			productType = "com.apple.product-type.bundle.ui-testing";
		};
/* End PBXNativeTarget section */

/* Begin PBXProject section */
		1252E98921C05DBB006A6983 /* Project object */ = {
			isa = PBXProject;
			attributes = {
				LastSwiftUpdateCheck = 1010;
				LastUpgradeCheck = 1010;
				ORGANIZATIONNAME = "Beam Communications";
				TargetAttributes = {
					1252E99021C05DBB006A6983 = {
						CreatedOnToolsVersion = 10.1;
					};
					1252E9A421C05DBC006A6983 = {
						CreatedOnToolsVersion = 10.1;
						TestTargetID = 1252E99021C05DBB006A6983;
					};
					1252E9AF21C05DBC006A6983 = {
						CreatedOnToolsVersion = 10.1;
						TestTargetID = 1252E99021C05DBB006A6983;
					};
				};
			};
			buildConfigurationList = 1252E98C21C05DBB006A6983 /* Build configuration list for PBXProject "TestTableAnimation" */;
			compatibilityVersion = "Xcode 9.3";
			developmentRegion = en;
			hasScannedForEncodings = 0;
			knownRegions = (
				en,
				Base,
			);
			mainGroup = 1252E98821C05DBB006A6983;
			productRefGroup = 1252E99221C05DBC006A6983 /* Products */;
			projectDirPath = "";
			projectRoot = "";
			targets = (
				1252E99021C05DBB006A6983 /* TestTableAnimation */,
				1252E9A421C05DBC006A6983 /* TestTableAnimationTests */,
				1252E9AF21C05DBC006A6983 /* TestTableAnimationUITests */,
			);
		};
/* End PBXProject section */

/* Begin PBXResourcesBuildPhase section */
		1252E98F21C05DBB006A6983 /* Resources */ = {
			isa = PBXResourcesBuildPhase;
			buildActionMask = 2147483647;
			files = (
				1252E99F21C05DBC006A6983 /* LaunchScreen.storyboard in Resources */,
				1252E99C21C05DBC006A6983 /* Assets.xcassets in Resources */,
				1252E99A21C05DBC006A6983 /* Main.storyboard in Resources */,
			);
			runOnlyForDeploymentPostprocessing = 0;
		};
		1252E9A321C05DBC006A6983 /* Resources */ = {
			isa = PBXResourcesBuildPhase;
			buildActionMask = 2147483647;
			files = (
			);
			runOnlyForDeploymentPostprocessing = 0;
		};
		1252E9AE21C05DBC006A6983 /* Resources */ = {
			isa = PBXResourcesBuildPhase;
			buildActionMask = 2147483647;
			files = (
			);
			runOnlyForDeploymentPostprocessing = 0;
		};
/* End PBXResourcesBuildPhase section */

/* Begin PBXSourcesBuildPhase section */
		1252E98D21C05DBB006A6983 /* Sources */ = {
			isa = PBXSourcesBuildPhase;
			buildActionMask = 2147483647;
			files = (
				1252E99721C05DBC006A6983 /* ViewController.swift in Sources */,
				1252E99521C05DBC006A6983 /* AppDelegate.swift in Sources */,
			);
			runOnlyForDeploymentPostprocessing = 0;
		};
		1252E9A121C05DBC006A6983 /* Sources */ = {
			isa = PBXSourcesBuildPhase;
			buildActionMask = 2147483647;
			files = (
				1252E9AA21C05DBC006A6983 /* TestTableAnimationTests.swift in Sources */,
			);
			runOnlyForDeploymentPostprocessing = 0;
		};
		1252E9AC21C05DBC006A6983 /* Sources */ = {
			isa = PBXSourcesBuildPhase;
			buildActionMask = 2147483647;
			files = (
				1252E9B521C05DBC006A6983 /* TestTableAnimationUITests.swift in Sources */,
			);
			runOnlyForDeploymentPostprocessing = 0;
		};
/* End PBXSourcesBuildPhase section */

/* Begin PBXTargetDependency section */
		1252E9A721C05DBC006A6983 /* PBXTargetDependency */ = {
			isa = PBXTargetDependency;
			target = 1252E99021C05DBB006A6983 /* TestTableAnimation */;
			targetProxy = 1252E9A621C05DBC006A6983 /* PBXContainerItemProxy */;
		};
		1252E9B221C05DBC006A6983 /* PBXTargetDependency */ = {
			isa = PBXTargetDependency;
			target = 1252E99021C05DBB006A6983 /* TestTableAnimation */;
			targetProxy = 1252E9B121C05DBC006A6983 /* PBXContainerItemProxy */;
		};
/* End PBXTargetDependency section */

/* Begin PBXVariantGroup section */
		1252E99821C05DBC006A6983 /* Main.storyboard */ = {
			isa = PBXVariantGroup;
			children = (
				1252E99921C05DBC006A6983 /* Base */,
			);
			name = Main.storyboard;
			sourceTree = "<group>";
		};
		1252E99D21C05DBC006A6983 /* LaunchScreen.storyboard */ = {
			isa = PBXVariantGroup;
			children = (
				1252E99E21C05DBC006A6983 /* Base */,
			);
			name = LaunchScreen.storyboard;
			sourceTree = "<group>";
		};
/* End PBXVariantGroup section */

/* Begin XCBuildConfiguration section */
		1252E9B721C05DBD006A6983 /* Debug */ = {
			isa = XCBuildConfiguration;
			buildSettings = {
				ALWAYS_SEARCH_USER_PATHS = NO;
				CLANG_ANALYZER_NONNULL = YES;
				CLANG_ANALYZER_NUMBER_OBJECT_CONVERSION = YES_AGGRESSIVE;
				CLANG_CXX_LANGUAGE_STANDARD = "gnu++14";
				CLANG_CXX_LIBRARY = "libc++";
				CLANG_ENABLE_MODULES = YES;
				CLANG_ENABLE_OBJC_ARC = YES;
				CLANG_ENABLE_OBJC_WEAK = YES;
				CLANG_WARN_BLOCK_CAPTURE_AUTORELEASING = YES;
				CLANG_WARN_BOOL_CONVERSION = YES;
				CLANG_WARN_COMMA = YES;
				CLANG_WARN_CONSTANT_CONVERSION = YES;
				CLANG_WARN_DEPRECATED_OBJC_IMPLEMENTATIONS = YES;
				CLANG_WARN_DIRECT_OBJC_ISA_USAGE = YES_ERROR;
				CLANG_WARN_DOCUMENTATION_COMMENTS = YES;
				CLANG_WARN_EMPTY_BODY = YES;
				CLANG_WARN_ENUM_CONVERSION = YES;
				CLANG_WARN_INFINITE_RECURSION = YES;
				CLANG_WARN_INT_CONVERSION = YES;
				CLANG_WARN_NON_LITERAL_NULL_CONVERSION = YES;
				CLANG_WARN_OBJC_IMPLICIT_RETAIN_SELF = YES;
				CLANG_WARN_OBJC_LITERAL_CONVERSION = YES;
				CLANG_WARN_OBJC_ROOT_CLASS = YES_ERROR;
				CLANG_WARN_RANGE_LOOP_ANALYSIS = YES;
				CLANG_WARN_STRICT_PROTOTYPES = YES;
				CLANG_WARN_SUSPICIOUS_MOVE = YES;
				CLANG_WARN_UNGUARDED_AVAILABILITY = YES_AGGRESSIVE;
				CLANG_WARN_UNREACHABLE_CODE = YES;
				CLANG_WARN__DUPLICATE_METHOD_MATCH = YES;
				CODE_SIGN_IDENTITY = "iPhone Developer";
				COPY_PHASE_STRIP = NO;
				DEBUG_INFORMATION_FORMAT = dwarf;
				ENABLE_STRICT_OBJC_MSGSEND = YES;
				ENABLE_TESTABILITY = YES;
				GCC_C_LANGUAGE_STANDARD = gnu11;
				GCC_DYNAMIC_NO_PIC = NO;
				GCC_NO_COMMON_BLOCKS = YES;
				GCC_OPTIMIZATION_LEVEL = 0;
				GCC_PREPROCESSOR_DEFINITIONS = (
					"DEBUG=1",
					"$(inherited)",
				);
				GCC_WARN_64_TO_32_BIT_CONVERSION = YES;
				GCC_WARN_ABOUT_RETURN_TYPE = YES_ERROR;
				GCC_WARN_UNDECLARED_SELECTOR = YES;
				GCC_WARN_UNINITIALIZED_AUTOS = YES_AGGRESSIVE;
				GCC_WARN_UNUSED_FUNCTION = YES;
				GCC_WARN_UNUSED_VARIABLE = YES;
				IPHONEOS_DEPLOYMENT_TARGET = 11.0;
				MTL_ENABLE_DEBUG_INFO = INCLUDE_SOURCE;
				MTL_FAST_MATH = YES;
				ONLY_ACTIVE_ARCH = YES;
				SDKROOT = iphoneos;
				SWIFT_ACTIVE_COMPILATION_CONDITIONS = DEBUG;
				SWIFT_OPTIMIZATION_LEVEL = "-Onone";
			};
			name = Debug;
		};
		1252E9B821C05DBD006A6983 /* Release */ = {
			isa = XCBuildConfiguration;
			buildSettings = {
				ALWAYS_SEARCH_USER_PATHS = NO;
				CLANG_ANALYZER_NONNULL = YES;
				CLANG_ANALYZER_NUMBER_OBJECT_CONVERSION = YES_AGGRESSIVE;
				CLANG_CXX_LANGUAGE_STANDARD = "gnu++14";
				CLANG_CXX_LIBRARY = "libc++";
				CLANG_ENABLE_MODULES = YES;
				CLANG_ENABLE_OBJC_ARC = YES;
				CLANG_ENABLE_OBJC_WEAK = YES;
				CLANG_WARN_BLOCK_CAPTURE_AUTORELEASING = YES;
				CLANG_WARN_BOOL_CONVERSION = YES;
				CLANG_WARN_COMMA = YES;
				CLANG_WARN_CONSTANT_CONVERSION = YES;
				CLANG_WARN_DEPRECATED_OBJC_IMPLEMENTATIONS = YES;
				CLANG_WARN_DIRECT_OBJC_ISA_USAGE = YES_ERROR;
				CLANG_WARN_DOCUMENTATION_COMMENTS = YES;
				CLANG_WARN_EMPTY_BODY = YES;
				CLANG_WARN_ENUM_CONVERSION = YES;
				CLANG_WARN_INFINITE_RECURSION = YES;
				CLANG_WARN_INT_CONVERSION = YES;
				CLANG_WARN_NON_LITERAL_NULL_CONVERSION = YES;
				CLANG_WARN_OBJC_IMPLICIT_RETAIN_SELF = YES;
				CLANG_WARN_OBJC_LITERAL_CONVERSION = YES;
				CLANG_WARN_OBJC_ROOT_CLASS = YES_ERROR;
				CLANG_WARN_RANGE_LOOP_ANALYSIS = YES;
				CLANG_WARN_STRICT_PROTOTYPES = YES;
				CLANG_WARN_SUSPICIOUS_MOVE = YES;
				CLANG_WARN_UNGUARDED_AVAILABILITY = YES_AGGRESSIVE;
				CLANG_WARN_UNREACHABLE_CODE = YES;
				CLANG_WARN__DUPLICATE_METHOD_MATCH = YES;
				CODE_SIGN_IDENTITY = "iPhone Developer";
				COPY_PHASE_STRIP = NO;
				DEBUG_INFORMATION_FORMAT = "dwarf-with-dsym";
				ENABLE_NS_ASSERTIONS = NO;
				ENABLE_STRICT_OBJC_MSGSEND = YES;
				GCC_C_LANGUAGE_STANDARD = gnu11;
				GCC_NO_COMMON_BLOCKS = YES;
				GCC_WARN_64_TO_32_BIT_CONVERSION = YES;
				GCC_WARN_ABOUT_RETURN_TYPE = YES_ERROR;
				GCC_WARN_UNDECLARED_SELECTOR = YES;
				GCC_WARN_UNINITIALIZED_AUTOS = YES_AGGRESSIVE;
				GCC_WARN_UNUSED_FUNCTION = YES;
				GCC_WARN_UNUSED_VARIABLE = YES;
				IPHONEOS_DEPLOYMENT_TARGET = 11.0;
				MTL_ENABLE_DEBUG_INFO = NO;
				MTL_FAST_MATH = YES;
				SDKROOT = iphoneos;
				SWIFT_COMPILATION_MODE = wholemodule;
				SWIFT_OPTIMIZATION_LEVEL = "-O";
				VALIDATE_PRODUCT = YES;
			};
			name = Release;
		};
		1252E9BA21C05DBD006A6983 /* Debug */ = {
			isa = XCBuildConfiguration;
			buildSettings = {
				ASSETCATALOG_COMPILER_APPICON_NAME = AppIcon;
				CODE_SIGN_STYLE = Automatic;
				DEVELOPMENT_TEAM = 337Z8P6WA4;
				INFOPLIST_FILE = TestTableAnimation/Info.plist;
				LD_RUNPATH_SEARCH_PATHS = (
					"$(inherited)",
					"@executable_path/Frameworks",
				);
				PRODUCT_BUNDLE_IDENTIFIER = com.beamCommunications.TestTableAnimation;
				PRODUCT_NAME = "$(TARGET_NAME)";
				SWIFT_VERSION = 4.2;
				TARGETED_DEVICE_FAMILY = "1,2";
			};
			name = Debug;
		};
		1252E9BB21C05DBD006A6983 /* Release */ = {
			isa = XCBuildConfiguration;
			buildSettings = {
				ASSETCATALOG_COMPILER_APPICON_NAME = AppIcon;
				CODE_SIGN_STYLE = Automatic;
				DEVELOPMENT_TEAM = 337Z8P6WA4;
				INFOPLIST_FILE = TestTableAnimation/Info.plist;
				LD_RUNPATH_SEARCH_PATHS = (
					"$(inherited)",
					"@executable_path/Frameworks",
				);
				PRODUCT_BUNDLE_IDENTIFIER = com.beamCommunications.TestTableAnimation;
				PRODUCT_NAME = "$(TARGET_NAME)";
				SWIFT_VERSION = 4.2;
				TARGETED_DEVICE_FAMILY = "1,2";
			};
			name = Release;
		};
		1252E9BD21C05DBD006A6983 /* Debug */ = {
			isa = XCBuildConfiguration;
			buildSettings = {
				ALWAYS_EMBED_SWIFT_STANDARD_LIBRARIES = YES;
				BUNDLE_LOADER = "$(TEST_HOST)";
				CODE_SIGN_STYLE = Automatic;
				DEVELOPMENT_TEAM = 337Z8P6WA4;
				INFOPLIST_FILE = TestTableAnimationTests/Info.plist;
				LD_RUNPATH_SEARCH_PATHS = (
					"$(inherited)",
					"@executable_path/Frameworks",
					"@loader_path/Frameworks",
				);
				PRODUCT_BUNDLE_IDENTIFIER = com.beamCommunications.TestTableAnimationTests;
				PRODUCT_NAME = "$(TARGET_NAME)";
				SWIFT_VERSION = 4.2;
				TARGETED_DEVICE_FAMILY = "1,2";
				TEST_HOST = "$(BUILT_PRODUCTS_DIR)/TestTableAnimation.app/TestTableAnimation";
			};
			name = Debug;
		};
		1252E9BE21C05DBD006A6983 /* Release */ = {
			isa = XCBuildConfiguration;
			buildSettings = {
				ALWAYS_EMBED_SWIFT_STANDARD_LIBRARIES = YES;
				BUNDLE_LOADER = "$(TEST_HOST)";
				CODE_SIGN_STYLE = Automatic;
				DEVELOPMENT_TEAM = 337Z8P6WA4;
				INFOPLIST_FILE = TestTableAnimationTests/Info.plist;
				LD_RUNPATH_SEARCH_PATHS = (
					"$(inherited)",
					"@executable_path/Frameworks",
					"@loader_path/Frameworks",
				);
				PRODUCT_BUNDLE_IDENTIFIER = com.beamCommunications.TestTableAnimationTests;
				PRODUCT_NAME = "$(TARGET_NAME)";
				SWIFT_VERSION = 4.2;
				TARGETED_DEVICE_FAMILY = "1,2";
				TEST_HOST = "$(BUILT_PRODUCTS_DIR)/TestTableAnimation.app/TestTableAnimation";
			};
			name = Release;
		};
		1252E9C021C05DBD006A6983 /* Debug */ = {
			isa = XCBuildConfiguration;
			buildSettings = {
				ALWAYS_EMBED_SWIFT_STANDARD_LIBRARIES = YES;
				CODE_SIGN_STYLE = Automatic;
				DEVELOPMENT_TEAM = 337Z8P6WA4;
				INFOPLIST_FILE = TestTableAnimationUITests/Info.plist;
				LD_RUNPATH_SEARCH_PATHS = (
					"$(inherited)",
					"@executable_path/Frameworks",
					"@loader_path/Frameworks",
				);
				PRODUCT_BUNDLE_IDENTIFIER = com.beamCommunications.TestTableAnimationUITests;
				PRODUCT_NAME = "$(TARGET_NAME)";
				SWIFT_VERSION = 4.2;
				TARGETED_DEVICE_FAMILY = "1,2";
				TEST_TARGET_NAME = TestTableAnimation;
			};
			name = Debug;
		};
		1252E9C121C05DBD006A6983 /* Release */ = {
			isa = XCBuildConfiguration;
			buildSettings = {
				ALWAYS_EMBED_SWIFT_STANDARD_LIBRARIES = YES;
				CODE_SIGN_STYLE = Automatic;
				DEVELOPMENT_TEAM = 337Z8P6WA4;
				INFOPLIST_FILE = TestTableAnimationUITests/Info.plist;
				LD_RUNPATH_SEARCH_PATHS = (
					"$(inherited)",
					"@executable_path/Frameworks",
					"@loader_path/Frameworks",
				);
				PRODUCT_BUNDLE_IDENTIFIER = com.beamCommunications.TestTableAnimationUITests;
				PRODUCT_NAME = "$(TARGET_NAME)";
				SWIFT_VERSION = 4.2;
				TARGETED_DEVICE_FAMILY = "1,2";
				TEST_TARGET_NAME = TestTableAnimation;
			};
			name = Release;
		};
/* End XCBuildConfiguration section */

/* Begin XCConfigurationList section */
		1252E98C21C05DBB006A6983 /* Build configuration list for PBXProject "TestTableAnimation" */ = {
			isa = XCConfigurationList;
			buildConfigurations = (
				1252E9B721C05DBD006A6983 /* Debug */,
				1252E9B821C05DBD006A6983 /* Release */,
			);
			defaultConfigurationIsVisible = 0;
			defaultConfigurationName = Release;
		};
		1252E9B921C05DBD006A6983 /* Build configuration list for PBXNativeTarget "TestTableAnimation" */ = {
			isa = XCConfigurationList;
			buildConfigurations = (
				1252E9BA21C05DBD006A6983 /* Debug */,
				1252E9BB21C05DBD006A6983 /* Release */,
			);
			defaultConfigurationIsVisible = 0;
			defaultConfigurationName = Release;
		};
		1252E9BC21C05DBD006A6983 /* Build configuration list for PBXNativeTarget "TestTableAnimationTests" */ = {
			isa = XCConfigurationList;
			buildConfigurations = (
				1252E9BD21C05DBD006A6983 /* Debug */,
				1252E9BE21C05DBD006A6983 /* Release */,
			);
			defaultConfigurationIsVisible = 0;
			defaultConfigurationName = Release;
		};
		1252E9BF21C05DBD006A6983 /* Build configuration list for PBXNativeTarget "TestTableAnimationUITests" */ = {
			isa = XCConfigurationList;
			buildConfigurations = (
				1252E9C021C05DBD006A6983 /* Debug */,
				1252E9C121C05DBD006A6983 /* Release */,
			);
			defaultConfigurationIsVisible = 0;
			defaultConfigurationName = Release;
		};
/* End XCConfigurationList section */
	};
	rootObject = 1252E98921C05DBB006A6983 /* Project object */;
}
